
Microsoft Visual Studio Solution File, Format Version 12.00
# Visual Studio Version 17
VisualStudioVersion = 17.2.32630.192
MinimumVisualStudioVersion = 10.0.40219.1
Project("{FAE04EC0-301F-11D3-BF4B-00C04F79EFBC}") = "Exercise1", "Exercise1\Exercise1.csproj", "{7740B5CB-FA17-469D-A817-F502158B7BB2}"
EndProject
Project("{9A19103F-16F7-4668-BE54-9A1E7A4F7556}") = "Exercise2", "Exercise2\Exercise2.csproj", "{5745360D-9135-4EA8-9CA9-810DF2C660D8}"
EndProject
Project("{FAE04EC0-301F-11D3-BF4B-00C04F79EFBC}") = "Exercise2_oldOpenGL", "Exercise2_oldOpenGL\Exercise2_oldOpenGL.csproj", "{658CB1D1-9F00-488B-BAF9-5690F6D3C5DA}"
EndProject
Project("{FAE04EC0-301F-11D3-BF4B-00C04F79EFBC}") = "Exercise8_Raytracing", "Exercise8_Raytracing\Exercise8_Raytracing.csproj", "{312BAADC-EE06-4154-B64D-22FAB3FAC0FE}"
EndProject
Global
	GlobalSection(SolutionConfigurationPlatforms) = preSolution
		Debug|Any CPU = Debug|Any CPU
		Release|Any CPU = Release|Any CPU
	EndGlobalSection
	GlobalSection(ProjectConfigurationPlatforms) = postSolution
		{7740B5CB-FA17-469D-A817-F502158B7BB2}.Debug|Any CPU.ActiveCfg = Debug|Any CPU
		{7740B5CB-FA17-469D-A817-F502158B7BB2}.Debug|Any CPU.Build.0 = Debug|Any CPU
		{7740B5CB-FA17-469D-A817-F502158B7BB2}.Release|Any CPU.ActiveCfg = Release|Any CPU
		{7740B5CB-FA17-469D-A817-F502158B7BB2}.Release|Any CPU.Build.0 = Release|Any CPU
		{5745360D-9135-4EA8-9CA9-810DF2C660D8}.Debug|Any CPU.ActiveCfg = Debug|Any CPU
		{5745360D-9135-4EA8-9CA9-810DF2C660D8}.Debug|Any CPU.Build.0 = Debug|Any CPU
		{5745360D-9135-4EA8-9CA9-810DF2C660D8}.Release|Any CPU.ActiveCfg = Release|Any CPU
		{5745360D-9135-4EA8-9CA9-810DF2C660D8}.Release|Any CPU.Build.0 = Release|Any CPU
		{658CB1D1-9F00-488B-BAF9-5690F6D3C5DA}.Debug|Any CPU.ActiveCfg = Debug|Any CPU
		{658CB1D1-9F00-488B-BAF9-5690F6D3C5DA}.Debug|Any CPU.Build.0 = Debug|Any CPU
		{658CB1D1-9F00-488B-BAF9-5690F6D3C5DA}.Release|Any CPU.ActiveCfg = Release|Any CPU
		{658CB1D1-9F00-488B-BAF9-5690F6D3C5DA}.Release|Any CPU.Build.0 = Release|Any CPU
		{312BAADC-EE06-4154-B64D-22FAB3FAC0FE}.Debug|Any CPU.ActiveCfg = Debug|Any CPU
		{312BAADC-EE06-4154-B64D-22FAB3FAC0FE}.Debug|Any CPU.Build.0 = Debug|Any CPU
		{312BAADC-EE06-4154-B64D-22FAB3FAC0FE}.Release|Any CPU.ActiveCfg = Release|Any CPU
		{312BAADC-EE06-4154-B64D-22FAB3FAC0FE}.Release|Any CPU.Build.0 = Release|Any CPU
	EndGlobalSection
	GlobalSection(SolutionProperties) = preSolution
		HideSolutionNode = FALSE
	EndGlobalSection
	GlobalSection(ExtensibilityGlobals) = postSolution
		SolutionGuid = {1FF786A4-794A-473B-B133-B17E4EC10290}
	EndGlobalSection
EndGlobal
